
Microsoft Visual Studio Solution File, Format Version 12.00
# Visual Studio 14
VisualStudioVersion = 14.0.25420.1
MinimumVisualStudioVersion = 10.0.40219.1
Project("{8BC9CEB8-8B4A-11D0-8D11-00A0C91BC942}") = "Triangle", "Triangle.vcxproj", "{C15FB852-262D-4987-84A9-21C215DA0618}"
EndProject
Project("{8BC9CEB8-8B4A-11D0-8D11-00A0C91BC942}") = "Tests", "Tests\Lab2-1Test.vcxproj", "{5637F0C5-2C33-4E71-903C-42AF77E22545}"
EndProject
Project("{8BC9CEB8-8B4A-11D0-8D11-00A0C91BC942}") = "TestProject", "Coverage\TestProject.vcxproj", "{846C280B-32B9-4A19-9E33-288B6B203ACC}"
EndProject
Global
	GlobalSection(SolutionConfigurationPlatforms) = preSolution
		Debug|x64 = Debug|x64
		Debug|x86 = Debug|x86
		Release|x64 = Release|x64
		Release|x86 = Release|x86
	EndGlobalSection
	GlobalSection(ProjectConfigurationPlatforms) = postSolution
		{C15FB852-262D-4987-84A9-21C215DA0618}.Debug|x64.ActiveCfg = Debug|x64
		{C15FB852-262D-4987-84A9-21C215DA0618}.Debug|x64.Build.0 = Debug|x64
		{C15FB852-262D-4987-84A9-21C215DA0618}.Debug|x86.ActiveCfg = Debug|Win32
		{C15FB852-262D-4987-84A9-21C215DA0618}.Debug|x86.Build.0 = Debug|Win32
		{C15FB852-262D-4987-84A9-21C215DA0618}.Release|x64.ActiveCfg = Release|x64
		{C15FB852-262D-4987-84A9-21C215DA0618}.Release|x64.Build.0 = Release|x64
		{C15FB852-262D-4987-84A9-21C215DA0618}.Release|x86.ActiveCfg = Release|Win32
		{C15FB852-262D-4987-84A9-21C215DA0618}.Release|x86.Build.0 = Release|Win32
		{5637F0C5-2C33-4E71-903C-42AF77E22545}.Debug|x64.ActiveCfg = Debug|x64
		{5637F0C5-2C33-4E71-903C-42AF77E22545}.Debug|x64.Build.0 = Debug|x64
		{5637F0C5-2C33-4E71-903C-42AF77E22545}.Debug|x86.ActiveCfg = Debug|Win32
		{5637F0C5-2C33-4E71-903C-42AF77E22545}.Debug|x86.Build.0 = Debug|Win32
		{5637F0C5-2C33-4E71-903C-42AF77E22545}.Release|x64.ActiveCfg = Release|x64
		{5637F0C5-2C33-4E71-903C-42AF77E22545}.Release|x64.Build.0 = Release|x64
		{5637F0C5-2C33-4E71-903C-42AF77E22545}.Release|x86.ActiveCfg = Release|Win32
		{5637F0C5-2C33-4E71-903C-42AF77E22545}.Release|x86.Build.0 = Release|Win32
		{846C280B-32B9-4A19-9E33-288B6B203ACC}.Debug|x64.ActiveCfg = Debug|Win32
		{846C280B-32B9-4A19-9E33-288B6B203ACC}.Debug|x64.Build.0 = Debug|Win32
		{846C280B-32B9-4A19-9E33-288B6B203ACC}.Debug|x86.ActiveCfg = Debug|Win32
		{846C280B-32B9-4A19-9E33-288B6B203ACC}.Debug|x86.Build.0 = Debug|Win32
		{846C280B-32B9-4A19-9E33-288B6B203ACC}.Release|x64.ActiveCfg = Release|Win32
		{846C280B-32B9-4A19-9E33-288B6B203ACC}.Release|x86.ActiveCfg = Release|Win32
		{846C280B-32B9-4A19-9E33-288B6B203ACC}.Release|x86.Build.0 = Release|Win32
	EndGlobalSection
	GlobalSection(SolutionProperties) = preSolution
		HideSolutionNode = FALSE
	EndGlobalSection
EndGlobal
